# This file is autogenerated, do not edit; changes may be undone by the next 'dep ensure'.


[[projects]]
  name = "github.com/dgrijalva/jwt-go"
  packages = ["."]
  revision = "40bd0f3b4891a9d7f121bfb7b8e8b0525625e262"

[[projects]]
  name = "github.com/emicklei/go-restful"
  packages = ["."]
  revision = "89af920d613f1e3f771f6460b2629632e7a36ae9"
  version = "v1.1.3"

[[projects]]
  name = "github.com/gogo/protobuf"
  packages = ["proto"]
  revision = "43ab7f0ec7b6d072e0368bd537ffefe74ed30198"

[[projects]]
  name = "github.com/golang/glog"
  packages = ["."]
  revision = "fca8c8854093a154ff1eb580aae10276ad6b1b5f"

[[projects]]
  name = "github.com/kylelemons/godebug"
  packages = [
    "diff",
    "pretty"
  ]
  revision = "21cb3784d9bda523911b96719efba02b7e983256"

[[projects]]
  name = "github.com/mesos/mesos-go"
  packages = [
    "detector",
    "detector/zoo",
    "mesosproto",
    "mesosutil",
    "upid"
  ]
  revision = "068d5470506e3780189fe607af40892814197c5e"

[[projects]]
  name = "github.com/miekg/dns"
  packages = ["."]
  revision = "7064f7248f5fa5fd79382a76328b4e200b79e4ae"
  version = "v1.0.15"

[[projects]]
  name = "github.com/samuel/go-zookeeper"
  packages = ["zk"]
  revision = "177002e16a0061912f02377e2dd8951a8b3551bc"

[[projects]]
  name = "github.com/stretchr/objx"
  packages = ["."]
  revision = "cbeaeb16a013161a98496fad62933b1d21786672"

[[projects]]
  name = "github.com/stretchr/testify"
  packages = [
    "assert",
    "mock"
  ]
  revision = "b8dc1cecf15bdaf1988d9e87aa7cd98d899a06d6"

[[projects]]
  name = "github.com/tv42/zbase32"
  packages = ["."]
  revision = "03389da7e0bf9844767f82690f4d68fc097a1306"

[[projects]]
  branch = "master"
  name = "golang.org/x/crypto"
  packages = [
    "ed25519",
    "ed25519/internal/edwards25519"
  ]
  revision = "505ab145d0a99da450461ae2c1a9f6cd10d1f447"

[[projects]]
  branch = "master"
  name = "golang.org/x/net"
  packages = [
    "bpf",
    "context",
    "internal/iana",
    "internal/socket",
    "ipv4",
    "ipv6"
  ]
  revision = "610586996380ceef02dd726cc09df7e00a3f8e56"

[[projects]]
  branch = "master"
  name = "golang.org/x/sys"
  packages = ["unix"]
  revision = "2a47403f2ae58167c4d75973960ccc62b28cb0d8"

[solve-meta]
  analyzer-name = "dep"
  analyzer-version = 1
  inputs-digest = "33a348d242d1134accb163c3bb93136b5d488204aeccb5aa2cd55bedad15f725"
  solver-name = "gps-cdcl"
  solver-version = 1
